
Microsoft Visual Studio Solution File, Format Version 12.00
# Visual Studio Version 16
VisualStudioVersion = 16.0.32407.337
MinimumVisualStudioVersion = 10.0.40219.1
Project("{FAE04EC0-301F-11D3-BF4B-00C04F79EFBC}") = "Equipo 3 - Conexion con MYSQL 2.5", "Conexion con MySQL\Equipo 3 - Conexion con MYSQL 2.5.csproj", "{A6D3B15C-6BC4-41FC-8EDC-456576D690BA}"
EndProject
Global
	GlobalSection(SolutionConfigurationPlatforms) = preSolution
		Debug|Any CPU = Debug|Any CPU
		Release|Any CPU = Release|Any CPU
	EndGlobalSection
	GlobalSection(ProjectConfigurationPlatforms) = postSolution
		{A6D3B15C-6BC4-41FC-8EDC-456576D690BA}.Debug|Any CPU.ActiveCfg = Debug|Any CPU
		{A6D3B15C-6BC4-41FC-8EDC-456576D690BA}.Debug|Any CPU.Build.0 = Debug|Any CPU
		{A6D3B15C-6BC4-41FC-8EDC-456576D690BA}.Release|Any CPU.ActiveCfg = Release|Any CPU
		{A6D3B15C-6BC4-41FC-8EDC-456576D690BA}.Release|Any CPU.Build.0 = Release|Any CPU
	EndGlobalSection
	GlobalSection(SolutionProperties) = preSolution
		HideSolutionNode = FALSE
	EndGlobalSection
	GlobalSection(ExtensibilityGlobals) = postSolution
		SolutionGuid = {205B8765-36EA-489E-B822-BE75AF695937}
	EndGlobalSection
EndGlobal
